
Microsoft Visual Studio Solution File, Format Version 12.00
# Visual Studio Version 17
VisualStudioVersion = 17.13.35931.197 d17.13
MinimumVisualStudioVersion = 10.0.40219.1
Project("{FAE04EC0-301F-11D3-BF4B-00C04F79EFBC}") = "MiniProject", "MiniProject\MiniProject.csproj", "{0747F485-D62B-4FE7-B1AB-30CB1F40F15A}"
EndProject
Global
	GlobalSection(SolutionConfigurationPlatforms) = preSolution
		Debug|Any CPU = Debug|Any CPU
		Release|Any CPU = Release|Any CPU
	EndGlobalSection
	GlobalSection(ProjectConfigurationPlatforms) = postSolution
		{0747F485-D62B-4FE7-B1AB-30CB1F40F15A}.Debug|Any CPU.ActiveCfg = Debug|Any CPU
		{0747F485-D62B-4FE7-B1AB-30CB1F40F15A}.Debug|Any CPU.Build.0 = Debug|Any CPU
		{0747F485-D62B-4FE7-B1AB-30CB1F40F15A}.Release|Any CPU.ActiveCfg = Release|Any CPU
		{0747F485-D62B-4FE7-B1AB-30CB1F40F15A}.Release|Any CPU.Build.0 = Release|Any CPU
	EndGlobalSection
	GlobalSection(SolutionProperties) = preSolution
		HideSolutionNode = FALSE
	EndGlobalSection
	GlobalSection(ExtensibilityGlobals) = postSolution
		SolutionGuid = {D2F3F2F0-91B5-4188-B174-CAB067D0BA29}
	EndGlobalSection
EndGlobal
